
Microsoft Visual Studio Solution File, Format Version 12.00
# Visual Studio Version 16
VisualStudioVersion = 16.0.31624.102
MinimumVisualStudioVersion = 10.0.40219.1
Project("{FAE04EC0-301F-11D3-BF4B-00C04F79EFBC}") = "TennisTourney", "TennisTourney.csproj", "{73DB87EB-4E80-4EF3-9F1D-E594133A2A77}"
EndProject
Global
	GlobalSection(SolutionConfigurationPlatforms) = preSolution
		Debug|Any CPU = Debug|Any CPU
		Release|Any CPU = Release|Any CPU
	EndGlobalSection
	GlobalSection(ProjectConfigurationPlatforms) = postSolution
		{73DB87EB-4E80-4EF3-9F1D-E594133A2A77}.Debug|Any CPU.ActiveCfg = Debug|Any CPU
		{73DB87EB-4E80-4EF3-9F1D-E594133A2A77}.Debug|Any CPU.Build.0 = Debug|Any CPU
		{73DB87EB-4E80-4EF3-9F1D-E594133A2A77}.Release|Any CPU.ActiveCfg = Release|Any CPU
		{73DB87EB-4E80-4EF3-9F1D-E594133A2A77}.Release|Any CPU.Build.0 = Release|Any CPU
	EndGlobalSection
	GlobalSection(SolutionProperties) = preSolution
		HideSolutionNode = FALSE
	EndGlobalSection
	GlobalSection(ExtensibilityGlobals) = postSolution
		SolutionGuid = {FFC85C92-1ABE-47E2-AF28-3A5B43CDE08B}
	EndGlobalSection
EndGlobal
